// !$*UTF8*$!
{
	archiveVersion = 1;
	classes = {
	};
	objectVersion = 55;
	objects = {

/* Begin PBXBuildFile section */
		DD1EA21B28EED9A400128FF6 /* SchemeBlockType.swift in Sources */ = {isa = PBXBuildFile; fileRef = DD1EA21A28EED9A400128FF6 /* SchemeBlockType.swift */; };
		DD1EA21E28EEE4BD00128FF6 /* SchemeView.swift in Sources */ = {isa = PBXBuildFile; fileRef = DD1EA21D28EEE4BD00128FF6 /* SchemeView.swift */; };
		DD1EA22528EEF28F00128FF6 /* SchemeBlockView.swift in Sources */ = {isa = PBXBuildFile; fileRef = DD1EA22428EEF28F00128FF6 /* SchemeBlockView.swift */; };
		DD1EA22728EEF82500128FF6 /* SchemeComponentsView.swift in Sources */ = {isa = PBXBuildFile; fileRef = DD1EA22628EEF82500128FF6 /* SchemeComponentsView.swift */; };
		DD1EA22928EEFB5A00128FF6 /* SchemeElement.swift in Sources */ = {isa = PBXBuildFile; fileRef = DD1EA22828EEFB5A00128FF6 /* SchemeElement.swift */; };
		DD1EA22C28EF072200128FF6 /* Date+Ext.swift in Sources */ = {isa = PBXBuildFile; fileRef = DD1EA22B28EF072200128FF6 /* Date+Ext.swift */; };
		DD1EA22E28EF0BEB00128FF6 /* SchemeEditBlockView.swift in Sources */ = {isa = PBXBuildFile; fileRef = DD1EA22D28EF0BEB00128FF6 /* SchemeEditBlockView.swift */; };
		DD1EA23028EF13B400128FF6 /* SchemeObservable.swift in Sources */ = {isa = PBXBuildFile; fileRef = DD1EA22F28EF13B400128FF6 /* SchemeObservable.swift */; };
		DD1EA23228EF36E400128FF6 /* Double+Ext.swift in Sources */ = {isa = PBXBuildFile; fileRef = DD1EA23128EF36E400128FF6 /* Double+Ext.swift */; };
		DD315E3728EECEDF009A5F9D /* ContentViewLRTwo.swift in Sources */ = {isa = PBXBuildFile; fileRef = DD315E3628EECEDF009A5F9D /* ContentViewLRTwo.swift */; };
		DD35B2A029102D72007DC978 /* SwiftUICharts in Frameworks */ = {isa = PBXBuildFile; productRef = DD35B29F29102D72007DC978 /* SwiftUICharts */; };
		DD35B2A629104496007DC978 /* Collections in Frameworks */ = {isa = PBXBuildFile; productRef = DD35B2A529104496007DC978 /* Collections */; };
		DD35B2A829104496007DC978 /* OrderedCollections in Frameworks */ = {isa = PBXBuildFile; productRef = DD35B2A729104496007DC978 /* OrderedCollections */; };
		DD42011F28D4DD03007BB9E6 /* blankData.json in Resources */ = {isa = PBXBuildFile; fileRef = DD42011E28D4DD03007BB9E6 /* blankData.json */; };
		DD42012128D4E010007BB9E6 /* TabButtonView.swift in Sources */ = {isa = PBXBuildFile; fileRef = DD42012028D4E010007BB9E6 /* TabButtonView.swift */; };
		DD42012328D4F41B007BB9E6 /* String+Ext.swift in Sources */ = {isa = PBXBuildFile; fileRef = DD42012228D4F41B007BB9E6 /* String+Ext.swift */; };
		DD4DA6E429081BD800ECA0D0 /* ContentViewLRFour.swift in Sources */ = {isa = PBXBuildFile; fileRef = DD4DA6E329081BD800ECA0D0 /* ContentViewLRFour.swift */; };
		DD94FE0E290D520A009E07D7 /* JMChartView.swift in Sources */ = {isa = PBXBuildFile; fileRef = DD94FE0D290D520A009E07D7 /* JMChartView.swift */; };
		DD94FE11290D53BA009E07D7 /* JMModel.swift in Sources */ = {isa = PBXBuildFile; fileRef = DD94FE10290D53BA009E07D7 /* JMModel.swift */; };
		DD9792FD2906BE0300F8695D /* CustomColors.swift in Sources */ = {isa = PBXBuildFile; fileRef = DD9792FC2906BE0300F8695D /* CustomColors.swift */; };
		DD9793002906BE1600F8695D /* AxisParameters.swift in Sources */ = {isa = PBXBuildFile; fileRef = DD9792FF2906BE1600F8695D /* AxisParameters.swift */; };
		DD9793022906BE2100F8695D /* KaplanModel.swift in Sources */ = {isa = PBXBuildFile; fileRef = DD9793012906BE2100F8695D /* KaplanModel.swift */; };
		DD9793052906BE4700F8695D /* LineShape.swift in Sources */ = {isa = PBXBuildFile; fileRef = DD9793042906BE4700F8695D /* LineShape.swift */; };
		DD9793082906BE5F00F8695D /* LineChartView.swift in Sources */ = {isa = PBXBuildFile; fileRef = DD9793072906BE5F00F8695D /* LineChartView.swift */; };
		DD97930A2906BE6B00F8695D /* ChartHeaderView.swift in Sources */ = {isa = PBXBuildFile; fileRef = DD9793092906BE6B00F8695D /* ChartHeaderView.swift */; };
		DD97930C2906BE7C00F8695D /* ChartAreaView.swift in Sources */ = {isa = PBXBuildFile; fileRef = DD97930B2906BE7C00F8695D /* ChartAreaView.swift */; };
		DD97930E2906BE8900F8695D /* YaxisView.swift in Sources */ = {isa = PBXBuildFile; fileRef = DD97930D2906BE8900F8695D /* YaxisView.swift */; };
		DD9793102906BE9A00F8695D /* XaxisView.swift in Sources */ = {isa = PBXBuildFile; fileRef = DD97930F2906BE9A00F8695D /* XaxisView.swift */; };
		DD9793122906BEA400F8695D /* KeyView.swift in Sources */ = {isa = PBXBuildFile; fileRef = DD9793112906BEA400F8695D /* KeyView.swift */; };
		DD9793142906BEB500F8695D /* ContentViewLRThree.swift in Sources */ = {isa = PBXBuildFile; fileRef = DD9793132906BEB500F8695D /* ContentViewLRThree.swift */; };
		DDC3754128DDD1D1005A5EE2 /* HeaderView.swift in Sources */ = {isa = PBXBuildFile; fileRef = DDC3754028DDD1D1005A5EE2 /* HeaderView.swift */; };
		DDC3754528DDE833005A5EE2 /* ContentViewModelLROne.swift in Sources */ = {isa = PBXBuildFile; fileRef = DDC3754428DDE833005A5EE2 /* ContentViewModelLROne.swift */; };
		DDC3754728DDFC23005A5EE2 /* savedData.json in Resources */ = {isa = PBXBuildFile; fileRef = DDC3754628DDFC23005A5EE2 /* savedData.json */; };
		DDCD765828CFBC9100F637CE /* data.json in Resources */ = {isa = PBXBuildFile; fileRef = DDCD765728CFBC9100F637CE /* data.json */; };
		DDCD765B28CFBCD100F637CE /* IntensityMistakes.swift in Sources */ = {isa = PBXBuildFile; fileRef = DDCD765A28CFBCD100F637CE /* IntensityMistakes.swift */; };
		DDCD765E28CFBD1800F637CE /* ParseData.swift in Sources */ = {isa = PBXBuildFile; fileRef = DDCD765D28CFBD1800F637CE /* ParseData.swift */; };
		DDF6E3D328CFB6C600E72250 /* ReliabilityInASDUApp.swift in Sources */ = {isa = PBXBuildFile; fileRef = DDF6E3D228CFB6C600E72250 /* ReliabilityInASDUApp.swift */; };
		DDF6E3D528CFB6C600E72250 /* ContentViewLROne.swift in Sources */ = {isa = PBXBuildFile; fileRef = DDF6E3D428CFB6C600E72250 /* ContentViewLROne.swift */; };
		DDF6E3D728CFB6C800E72250 /* Assets.xcassets in Resources */ = {isa = PBXBuildFile; fileRef = DDF6E3D628CFB6C800E72250 /* Assets.xcassets */; };
		DDF6E3DA28CFB6C800E72250 /* Preview Assets.xcassets in Resources */ = {isa = PBXBuildFile; fileRef = DDF6E3D928CFB6C800E72250 /* Preview Assets.xcassets */; };
/* End PBXBuildFile section */

/* Begin PBXFileReference section */
		DD1EA21A28EED9A400128FF6 /* SchemeBlockType.swift */ = {isa = PBXFileReference; lastKnownFileType = sourcecode.swift; path = SchemeBlockType.swift; sourceTree = "<group>"; };
		DD1EA21D28EEE4BD00128FF6 /* SchemeView.swift */ = {isa = PBXFileReference; lastKnownFileType = sourcecode.swift; path = SchemeView.swift; sourceTree = "<group>"; };
		DD1EA22428EEF28F00128FF6 /* SchemeBlockView.swift */ = {isa = PBXFileReference; lastKnownFileType = sourcecode.swift; path = SchemeBlockView.swift; sourceTree = "<group>"; };
		DD1EA22628EEF82500128FF6 /* SchemeComponentsView.swift */ = {isa = PBXFileReference; lastKnownFileType = sourcecode.swift; path = SchemeComponentsView.swift; sourceTree = "<group>"; };
		DD1EA22828EEFB5A00128FF6 /* SchemeElement.swift */ = {isa = PBXFileReference; lastKnownFileType = sourcecode.swift; path = SchemeElement.swift; sourceTree = "<group>"; };
		DD1EA22B28EF072200128FF6 /* Date+Ext.swift */ = {isa = PBXFileReference; lastKnownFileType = sourcecode.swift; path = "Date+Ext.swift"; sourceTree = "<group>"; };
		DD1EA22D28EF0BEB00128FF6 /* SchemeEditBlockView.swift */ = {isa = PBXFileReference; lastKnownFileType = sourcecode.swift; path = SchemeEditBlockView.swift; sourceTree = "<group>"; };
		DD1EA22F28EF13B400128FF6 /* SchemeObservable.swift */ = {isa = PBXFileReference; lastKnownFileType = sourcecode.swift; path = SchemeObservable.swift; sourceTree = "<group>"; };
		DD1EA23128EF36E400128FF6 /* Double+Ext.swift */ = {isa = PBXFileReference; lastKnownFileType = sourcecode.swift; path = "Double+Ext.swift"; sourceTree = "<group>"; };
		DD315E3628EECEDF009A5F9D /* ContentViewLRTwo.swift */ = {isa = PBXFileReference; lastKnownFileType = sourcecode.swift; path = ContentViewLRTwo.swift; sourceTree = "<group>"; };
		DD42011E28D4DD03007BB9E6 /* blankData.json */ = {isa = PBXFileReference; lastKnownFileType = text.json; path = blankData.json; sourceTree = "<group>"; };
		DD42012028D4E010007BB9E6 /* TabButtonView.swift */ = {isa = PBXFileReference; lastKnownFileType = sourcecode.swift; path = TabButtonView.swift; sourceTree = "<group>"; };
		DD42012228D4F41B007BB9E6 /* String+Ext.swift */ = {isa = PBXFileReference; lastKnownFileType = sourcecode.swift; path = "String+Ext.swift"; sourceTree = "<group>"; };
		DD4DA6E329081BD800ECA0D0 /* ContentViewLRFour.swift */ = {isa = PBXFileReference; lastKnownFileType = sourcecode.swift; path = ContentViewLRFour.swift; sourceTree = "<group>"; };
		DD94FE0D290D520A009E07D7 /* JMChartView.swift */ = {isa = PBXFileReference; lastKnownFileType = sourcecode.swift; path = JMChartView.swift; sourceTree = "<group>"; };
		DD94FE10290D53BA009E07D7 /* JMModel.swift */ = {isa = PBXFileReference; lastKnownFileType = sourcecode.swift; path = JMModel.swift; sourceTree = "<group>"; };
		DD9792FC2906BE0300F8695D /* CustomColors.swift */ = {isa = PBXFileReference; lastKnownFileType = sourcecode.swift; path = CustomColors.swift; sourceTree = "<group>"; };
		DD9792FF2906BE1600F8695D /* AxisParameters.swift */ = {isa = PBXFileReference; lastKnownFileType = sourcecode.swift; path = AxisParameters.swift; sourceTree = "<group>"; };
		DD9793012906BE2100F8695D /* KaplanModel.swift */ = {isa = PBXFileReference; lastKnownFileType = sourcecode.swift; path = KaplanModel.swift; sourceTree = "<group>"; };
		DD9793042906BE4700F8695D /* LineShape.swift */ = {isa = PBXFileReference; lastKnownFileType = sourcecode.swift; path = LineShape.swift; sourceTree = "<group>"; };
		DD9793072906BE5F00F8695D /* LineChartView.swift */ = {isa = PBXFileReference; lastKnownFileType = sourcecode.swift; path = LineChartView.swift; sourceTree = "<group>"; };
		DD9793092906BE6B00F8695D /* ChartHeaderView.swift */ = {isa = PBXFileReference; lastKnownFileType = sourcecode.swift; path = ChartHeaderView.swift; sourceTree = "<group>"; };
		DD97930B2906BE7C00F8695D /* ChartAreaView.swift */ = {isa = PBXFileReference; lastKnownFileType = sourcecode.swift; path = ChartAreaView.swift; sourceTree = "<group>"; };
		DD97930D2906BE8900F8695D /* YaxisView.swift */ = {isa = PBXFileReference; lastKnownFileType = sourcecode.swift; path = YaxisView.swift; sourceTree = "<group>"; };
		DD97930F2906BE9A00F8695D /* XaxisView.swift */ = {isa = PBXFileReference; lastKnownFileType = sourcecode.swift; path = XaxisView.swift; sourceTree = "<group>"; };
		DD9793112906BEA400F8695D /* KeyView.swift */ = {isa = PBXFileReference; lastKnownFileType = sourcecode.swift; path = KeyView.swift; sourceTree = "<group>"; };
		DD9793132906BEB500F8695D /* ContentViewLRThree.swift */ = {isa = PBXFileReference; lastKnownFileType = sourcecode.swift; path = ContentViewLRThree.swift; sourceTree = "<group>"; };
		DDC3754028DDD1D1005A5EE2 /* HeaderView.swift */ = {isa = PBXFileReference; lastKnownFileType = sourcecode.swift; path = HeaderView.swift; sourceTree = "<group>"; };
		DDC3754428DDE833005A5EE2 /* ContentViewModelLROne.swift */ = {isa = PBXFileReference; lastKnownFileType = sourcecode.swift; path = ContentViewModelLROne.swift; sourceTree = "<group>"; };
		DDC3754628DDFC23005A5EE2 /* savedData.json */ = {isa = PBXFileReference; lastKnownFileType = text.json; path = savedData.json; sourceTree = "<group>"; };
		DDCD765728CFBC9100F637CE /* data.json */ = {isa = PBXFileReference; lastKnownFileType = text.json; path = data.json; sourceTree = "<group>"; };
		DDCD765A28CFBCD100F637CE /* IntensityMistakes.swift */ = {isa = PBXFileReference; lastKnownFileType = sourcecode.swift; path = IntensityMistakes.swift; sourceTree = "<group>"; };
		DDCD765D28CFBD1800F637CE /* ParseData.swift */ = {isa = PBXFileReference; lastKnownFileType = sourcecode.swift; path = ParseData.swift; sourceTree = "<group>"; };
		DDF6E3CF28CFB6C600E72250 /* ReliabilityInASDU.app */ = {isa = PBXFileReference; explicitFileType = wrapper.application; includeInIndex = 0; path = ReliabilityInASDU.app; sourceTree = BUILT_PRODUCTS_DIR; };
		DDF6E3D228CFB6C600E72250 /* ReliabilityInASDUApp.swift */ = {isa = PBXFileReference; lastKnownFileType = sourcecode.swift; path = ReliabilityInASDUApp.swift; sourceTree = "<group>"; };
		DDF6E3D428CFB6C600E72250 /* ContentViewLROne.swift */ = {isa = PBXFileReference; lastKnownFileType = sourcecode.swift; path = ContentViewLROne.swift; sourceTree = "<group>"; };
		DDF6E3D628CFB6C800E72250 /* Assets.xcassets */ = {isa = PBXFileReference; lastKnownFileType = folder.assetcatalog; path = Assets.xcassets; sourceTree = "<group>"; };
		DDF6E3D928CFB6C800E72250 /* Preview Assets.xcassets */ = {isa = PBXFileReference; lastKnownFileType = folder.assetcatalog; path = "Preview Assets.xcassets"; sourceTree = "<group>"; };
		DDF6E3DB28CFB6C800E72250 /* ReliabilityInASDU.entitlements */ = {isa = PBXFileReference; lastKnownFileType = text.plist.entitlements; path = ReliabilityInASDU.entitlements; sourceTree = "<group>"; };
/* End PBXFileReference section */

/* Begin PBXFrameworksBuildPhase section */
		DDF6E3CC28CFB6C600E72250 /* Frameworks */ = {
			isa = PBXFrameworksBuildPhase;
			buildActionMask = 2147483647;
			files = (
				DD35B2A629104496007DC978 /* Collections in Frameworks */,
				DD35B2A029102D72007DC978 /* SwiftUICharts in Frameworks */,
				DD35B2A829104496007DC978 /* OrderedCollections in Frameworks */,
			);
			runOnlyForDeploymentPostprocessing = 0;
		};
/* End PBXFrameworksBuildPhase section */

/* Begin PBXGroup section */
		DD1EA21C28EEE4A000128FF6 /* InnerViews */ = {
			isa = PBXGroup;
			children = (
				DD1EA22428EEF28F00128FF6 /* SchemeBlockView.swift */,
				DD1EA21D28EEE4BD00128FF6 /* SchemeView.swift */,
				DD1EA22628EEF82500128FF6 /* SchemeComponentsView.swift */,
				DD1EA22D28EF0BEB00128FF6 /* SchemeEditBlockView.swift */,
			);
			path = InnerViews;
			sourceTree = "<group>";
		};
		DD1EA22A28EF06D600128FF6 /* Helpers */ = {
			isa = PBXGroup;
			children = (
				DD42012228D4F41B007BB9E6 /* String+Ext.swift */,
				DD1EA22B28EF072200128FF6 /* Date+Ext.swift */,
				DD1EA23128EF36E400128FF6 /* Double+Ext.swift */,
			);
			path = Helpers;
			sourceTree = "<group>";
		};
		DD315E3228EECE91009A5F9D /* LRTwo */ = {
			isa = PBXGroup;
			children = (
				DD315E3328EECEA5009A5F9D /* Model */,
				DD315E3428EECEA9009A5F9D /* View */,
			);
			path = LRTwo;
			sourceTree = "<group>";
		};
		DD315E3328EECEA5009A5F9D /* Model */ = {
			isa = PBXGroup;
			children = (
				DD1EA22F28EF13B400128FF6 /* SchemeObservable.swift */,
				DD1EA21A28EED9A400128FF6 /* SchemeBlockType.swift */,
				DD1EA22828EEFB5A00128FF6 /* SchemeElement.swift */,
			);
			path = Model;
			sourceTree = "<group>";
		};
		DD315E3428EECEA9009A5F9D /* View */ = {
			isa = PBXGroup;
			children = (
				DD1EA21C28EEE4A000128FF6 /* InnerViews */,
				DD315E3628EECEDF009A5F9D /* ContentViewLRTwo.swift */,
			);
			path = View;
			sourceTree = "<group>";
		};
		DD4DA6E129081BAB00ECA0D0 /* LRFour */ = {
			isa = PBXGroup;
			children = (
				DD94FE0F290D53AB009E07D7 /* Model */,
				DD4DA6E229081BBF00ECA0D0 /* View */,
			);
			path = LRFour;
			sourceTree = "<group>";
		};
		DD4DA6E229081BBF00ECA0D0 /* View */ = {
			isa = PBXGroup;
			children = (
				DD4DA6E329081BD800ECA0D0 /* ContentViewLRFour.swift */,
				DD94FE0D290D520A009E07D7 /* JMChartView.swift */,
			);
			path = View;
			sourceTree = "<group>";
		};
		DD94FE0F290D53AB009E07D7 /* Model */ = {
			isa = PBXGroup;
			children = (
				DD94FE10290D53BA009E07D7 /* JMModel.swift */,
			);
			path = Model;
			sourceTree = "<group>";
		};
		DD9792F82906BDE600F8695D /* LRThree */ = {
			isa = PBXGroup;
			children = (
				DD9792F92906BDEF00F8695D /* Helpers */,
				DD9792FA2906BDF300F8695D /* Model */,
				DD9792FB2906BDF500F8695D /* View */,
			);
			path = LRThree;
			sourceTree = "<group>";
		};
		DD9792F92906BDEF00F8695D /* Helpers */ = {
			isa = PBXGroup;
			children = (
				DD9792FC2906BE0300F8695D /* CustomColors.swift */,
				DD9792FF2906BE1600F8695D /* AxisParameters.swift */,
			);
			path = Helpers;
			sourceTree = "<group>";
		};
		DD9792FA2906BDF300F8695D /* Model */ = {
			isa = PBXGroup;
			children = (
				DD9793012906BE2100F8695D /* KaplanModel.swift */,
			);
			path = Model;
			sourceTree = "<group>";
		};
		DD9792FB2906BDF500F8695D /* View */ = {
			isa = PBXGroup;
			children = (
				DD9793032906BE3400F8695D /* Shape */,
				DD9793062906BE4F00F8695D /* InnerViews */,
				DD9793132906BEB500F8695D /* ContentViewLRThree.swift */,
			);
			path = View;
			sourceTree = "<group>";
		};
		DD9793032906BE3400F8695D /* Shape */ = {
			isa = PBXGroup;
			children = (
				DD9793042906BE4700F8695D /* LineShape.swift */,
			);
			path = Shape;
			sourceTree = "<group>";
		};
		DD9793062906BE4F00F8695D /* InnerViews */ = {
			isa = PBXGroup;
			children = (
				DD9793072906BE5F00F8695D /* LineChartView.swift */,
				DD9793092906BE6B00F8695D /* ChartHeaderView.swift */,
				DD97930B2906BE7C00F8695D /* ChartAreaView.swift */,
				DD97930D2906BE8900F8695D /* YaxisView.swift */,
				DD97930F2906BE9A00F8695D /* XaxisView.swift */,
				DD9793112906BEA400F8695D /* KeyView.swift */,
			);
			path = InnerViews;
			sourceTree = "<group>";
		};
		DDC3754228DDE7EF005A5EE2 /* InnerViews */ = {
			isa = PBXGroup;
			children = (
				DD42012028D4E010007BB9E6 /* TabButtonView.swift */,
				DDC3754028DDD1D1005A5EE2 /* HeaderView.swift */,
			);
			path = InnerViews;
			sourceTree = "<group>";
		};
		DDC3754328DDE7FA005A5EE2 /* ViewModel */ = {
			isa = PBXGroup;
			children = (
				DDC3754428DDE833005A5EE2 /* ContentViewModelLROne.swift */,
			);
			path = ViewModel;
			sourceTree = "<group>";
		};
		DDCD765928CFBCA800F637CE /* Model */ = {
			isa = PBXGroup;
			children = (
				DDCD765A28CFBCD100F637CE /* IntensityMistakes.swift */,
			);
			path = Model;
			sourceTree = "<group>";
		};
		DDCD765C28CFBCF900F637CE /* Helpers */ = {
			isa = PBXGroup;
			children = (
				DDCD765D28CFBD1800F637CE /* ParseData.swift */,
			);
			path = Helpers;
			sourceTree = "<group>";
		};
		DDF6E3C628CFB6C600E72250 = {
			isa = PBXGroup;
			children = (
				DDF6E3D128CFB6C600E72250 /* ReliabilityInASDU */,
				DDF6E3D028CFB6C600E72250 /* Products */,
			);
			sourceTree = "<group>";
		};
		DDF6E3D028CFB6C600E72250 /* Products */ = {
			isa = PBXGroup;
			children = (
				DDF6E3CF28CFB6C600E72250 /* ReliabilityInASDU.app */,
			);
			name = Products;
			sourceTree = "<group>";
		};
		DDF6E3D128CFB6C600E72250 /* ReliabilityInASDU */ = {
			isa = PBXGroup;
			children = (
				DDF6E3E228CFB99F00E72250 /* Sources */,
				DDF6E3E128CFB99700E72250 /* Resources */,
				DDF6E3DB28CFB6C800E72250 /* ReliabilityInASDU.entitlements */,
				DDCD765728CFBC9100F637CE /* data.json */,
				DD42011E28D4DD03007BB9E6 /* blankData.json */,
				DDC3754628DDFC23005A5EE2 /* savedData.json */,
			);
			path = ReliabilityInASDU;
			sourceTree = "<group>";
		};
		DDF6E3D828CFB6C800E72250 /* Preview Content */ = {
			isa = PBXGroup;
			children = (
				DDF6E3D928CFB6C800E72250 /* Preview Assets.xcassets */,
			);
			path = "Preview Content";
			sourceTree = "<group>";
		};
		DDF6E3E128CFB99700E72250 /* Resources */ = {
			isa = PBXGroup;
			children = (
				DDF6E3D828CFB6C800E72250 /* Preview Content */,
				DDF6E3D628CFB6C800E72250 /* Assets.xcassets */,
			);
			path = Resources;
			sourceTree = "<group>";
		};
		DDF6E3E228CFB99F00E72250 /* Sources */ = {
			isa = PBXGroup;
			children = (
				DD1EA22A28EF06D600128FF6 /* Helpers */,
				DDF6E3E328CFB9A400E72250 /* Application */,
				DDF6E3E428CFB9B000E72250 /* Scenes */,
			);
			path = Sources;
			sourceTree = "<group>";
		};
		DDF6E3E328CFB9A400E72250 /* Application */ = {
			isa = PBXGroup;
			children = (
				DDF6E3D228CFB6C600E72250 /* ReliabilityInASDUApp.swift */,
			);
			path = Application;
			sourceTree = "<group>";
		};
		DDF6E3E428CFB9B000E72250 /* Scenes */ = {
			isa = PBXGroup;
			children = (
				DDF6E3E528CFB9BE00E72250 /* LROne */,
				DD315E3228EECE91009A5F9D /* LRTwo */,
				DD9792F82906BDE600F8695D /* LRThree */,
				DD4DA6E129081BAB00ECA0D0 /* LRFour */,
			);
			path = Scenes;
			sourceTree = "<group>";
		};
		DDF6E3E528CFB9BE00E72250 /* LROne */ = {
			isa = PBXGroup;
			children = (
				DDCD765C28CFBCF900F637CE /* Helpers */,
				DDCD765928CFBCA800F637CE /* Model */,
				DDF6E3E628CFB9C800E72250 /* View */,
				DDC3754328DDE7FA005A5EE2 /* ViewModel */,
			);
			path = LROne;
			sourceTree = "<group>";
		};
		DDF6E3E628CFB9C800E72250 /* View */ = {
			isa = PBXGroup;
			children = (
				DDC3754228DDE7EF005A5EE2 /* InnerViews */,
				DDF6E3D428CFB6C600E72250 /* ContentViewLROne.swift */,
			);
			path = View;
			sourceTree = "<group>";
		};
/* End PBXGroup section */

/* Begin PBXNativeTarget section */
		DDF6E3CE28CFB6C600E72250 /* ReliabilityInASDU */ = {
			isa = PBXNativeTarget;
			buildConfigurationList = DDF6E3DE28CFB6C800E72250 /* Build configuration list for PBXNativeTarget "ReliabilityInASDU" */;
			buildPhases = (
				DDF6E3CB28CFB6C600E72250 /* Sources */,
				DDF6E3CC28CFB6C600E72250 /* Frameworks */,
				DDF6E3CD28CFB6C600E72250 /* Resources */,
			);
			buildRules = (
			);
			dependencies = (
			);
			name = ReliabilityInASDU;
			packageProductDependencies = (
				DD35B29F29102D72007DC978 /* SwiftUICharts */,
				DD35B2A529104496007DC978 /* Collections */,
				DD35B2A729104496007DC978 /* OrderedCollections */,
			);
			productName = ReliabilityInASDU;
			productReference = DDF6E3CF28CFB6C600E72250 /* ReliabilityInASDU.app */;
			productType = "com.apple.product-type.application";
		};
/* End PBXNativeTarget section */

/* Begin PBXProject section */
		DDF6E3C728CFB6C600E72250 /* Project object */ = {
			isa = PBXProject;
			attributes = {
				BuildIndependentTargetsInParallel = 1;
				LastSwiftUpdateCheck = 1340;
				LastUpgradeCheck = 1400;
				TargetAttributes = {
					DDF6E3CE28CFB6C600E72250 = {
						CreatedOnToolsVersion = 13.4.1;
					};
				};
			};
			buildConfigurationList = DDF6E3CA28CFB6C600E72250 /* Build configuration list for PBXProject "ReliabilityInASDU" */;
			compatibilityVersion = "Xcode 13.0";
			developmentRegion = en;
			hasScannedForEncodings = 0;
			knownRegions = (
				en,
				Base,
			);
			mainGroup = DDF6E3C628CFB6C600E72250;
			packageReferences = (
				DD35B29E29102D72007DC978 /* XCRemoteSwiftPackageReference "SwiftUICharts" */,
				DD35B2A429104496007DC978 /* XCRemoteSwiftPackageReference "swift-collections" */,
			);
			productRefGroup = DDF6E3D028CFB6C600E72250 /* Products */;
			projectDirPath = "";
			projectRoot = "";
			targets = (
				DDF6E3CE28CFB6C600E72250 /* ReliabilityInASDU */,
			);
		};
/* End PBXProject section */

/* Begin PBXResourcesBuildPhase section */
		DDF6E3CD28CFB6C600E72250 /* Resources */ = {
			isa = PBXResourcesBuildPhase;
			buildActionMask = 2147483647;
			files = (
				DDF6E3DA28CFB6C800E72250 /* Preview Assets.xcassets in Resources */,
				DDC3754728DDFC23005A5EE2 /* savedData.json in Resources */,
				DDCD765828CFBC9100F637CE /* data.json in Resources */,
				DDF6E3D728CFB6C800E72250 /* Assets.xcassets in Resources */,
				DD42011F28D4DD03007BB9E6 /* blankData.json in Resources */,
			);
			runOnlyForDeploymentPostprocessing = 0;
		};
/* End PBXResourcesBuildPhase section */

/* Begin PBXSourcesBuildPhase section */
		DDF6E3CB28CFB6C600E72250 /* Sources */ = {
			isa = PBXSourcesBuildPhase;
			buildActionMask = 2147483647;
			files = (
				DD9793002906BE1600F8695D /* AxisParameters.swift in Sources */,
				DD1EA21B28EED9A400128FF6 /* SchemeBlockType.swift in Sources */,
				DD315E3728EECEDF009A5F9D /* ContentViewLRTwo.swift in Sources */,
				DD1EA23028EF13B400128FF6 /* SchemeObservable.swift in Sources */,
				DD42012328D4F41B007BB9E6 /* String+Ext.swift in Sources */,
				DD97930C2906BE7C00F8695D /* ChartAreaView.swift in Sources */,
				DD9793052906BE4700F8695D /* LineShape.swift in Sources */,
				DD9793102906BE9A00F8695D /* XaxisView.swift in Sources */,
				DD97930A2906BE6B00F8695D /* ChartHeaderView.swift in Sources */,
				DDF6E3D528CFB6C600E72250 /* ContentViewLROne.swift in Sources */,
				DDF6E3D328CFB6C600E72250 /* ReliabilityInASDUApp.swift in Sources */,
				DD9793142906BEB500F8695D /* ContentViewLRThree.swift in Sources */,
				DD1EA22E28EF0BEB00128FF6 /* SchemeEditBlockView.swift in Sources */,
				DD42012128D4E010007BB9E6 /* TabButtonView.swift in Sources */,
				DD1EA23228EF36E400128FF6 /* Double+Ext.swift in Sources */,
				DDCD765B28CFBCD100F637CE /* IntensityMistakes.swift in Sources */,
				DD94FE11290D53BA009E07D7 /* JMModel.swift in Sources */,
				DDC3754528DDE833005A5EE2 /* ContentViewModelLROne.swift in Sources */,
				DD94FE0E290D520A009E07D7 /* JMChartView.swift in Sources */,
				DDCD765E28CFBD1800F637CE /* ParseData.swift in Sources */,
				DD9793082906BE5F00F8695D /* LineChartView.swift in Sources */,
				DD1EA22C28EF072200128FF6 /* Date+Ext.swift in Sources */,
				DD1EA22928EEFB5A00128FF6 /* SchemeElement.swift in Sources */,
				DD1EA22728EEF82500128FF6 /* SchemeComponentsView.swift in Sources */,
				DD1EA21E28EEE4BD00128FF6 /* SchemeView.swift in Sources */,
				DD9792FD2906BE0300F8695D /* CustomColors.swift in Sources */,
				DD1EA22528EEF28F00128FF6 /* SchemeBlockView.swift in Sources */,
				DD9793122906BEA400F8695D /* KeyView.swift in Sources */,
				DD4DA6E429081BD800ECA0D0 /* ContentViewLRFour.swift in Sources */,
				DD97930E2906BE8900F8695D /* YaxisView.swift in Sources */,
				DDC3754128DDD1D1005A5EE2 /* HeaderView.swift in Sources */,
				DD9793022906BE2100F8695D /* KaplanModel.swift in Sources */,
			);
			runOnlyForDeploymentPostprocessing = 0;
		};
/* End PBXSourcesBuildPhase section */

/* Begin XCBuildConfiguration section */
		DDF6E3DC28CFB6C800E72250 /* Debug */ = {
			isa = XCBuildConfiguration;
			buildSettings = {
				ALWAYS_SEARCH_USER_PATHS = NO;
				CLANG_ANALYZER_NONNULL = YES;
				CLANG_ANALYZER_NUMBER_OBJECT_CONVERSION = YES_AGGRESSIVE;
				CLANG_CXX_LANGUAGE_STANDARD = "gnu++17";
				CLANG_ENABLE_MODULES = YES;
				CLANG_ENABLE_OBJC_ARC = YES;
				CLANG_ENABLE_OBJC_WEAK = YES;
				CLANG_WARN_BLOCK_CAPTURE_AUTORELEASING = YES;
				CLANG_WARN_BOOL_CONVERSION = YES;
				CLANG_WARN_COMMA = YES;
				CLANG_WARN_CONSTANT_CONVERSION = YES;
				CLANG_WARN_DEPRECATED_OBJC_IMPLEMENTATIONS = YES;
				CLANG_WARN_DIRECT_OBJC_ISA_USAGE = YES_ERROR;
				CLANG_WARN_DOCUMENTATION_COMMENTS = YES;
				CLANG_WARN_EMPTY_BODY = YES;
				CLANG_WARN_ENUM_CONVERSION = YES;
				CLANG_WARN_INFINITE_RECURSION = YES;
				CLANG_WARN_INT_CONVERSION = YES;
				CLANG_WARN_NON_LITERAL_NULL_CONVERSION = YES;
				CLANG_WARN_OBJC_IMPLICIT_RETAIN_SELF = YES;
				CLANG_WARN_OBJC_LITERAL_CONVERSION = YES;
				CLANG_WARN_OBJC_ROOT_CLASS = YES_ERROR;
				CLANG_WARN_QUOTED_INCLUDE_IN_FRAMEWORK_HEADER = YES;
				CLANG_WARN_RANGE_LOOP_ANALYSIS = YES;
				CLANG_WARN_STRICT_PROTOTYPES = YES;
				CLANG_WARN_SUSPICIOUS_MOVE = YES;
				CLANG_WARN_UNGUARDED_AVAILABILITY = YES_AGGRESSIVE;
				CLANG_WARN_UNREACHABLE_CODE = YES;
				CLANG_WARN__DUPLICATE_METHOD_MATCH = YES;
				COPY_PHASE_STRIP = NO;
				DEAD_CODE_STRIPPING = YES;
				DEBUG_INFORMATION_FORMAT = dwarf;
				ENABLE_STRICT_OBJC_MSGSEND = YES;
				ENABLE_TESTABILITY = YES;
				GCC_C_LANGUAGE_STANDARD = gnu11;
				GCC_DYNAMIC_NO_PIC = NO;
				GCC_NO_COMMON_BLOCKS = YES;
				GCC_OPTIMIZATION_LEVEL = 0;
				GCC_PREPROCESSOR_DEFINITIONS = (
					"DEBUG=1",
					"$(inherited)",
				);
				GCC_WARN_64_TO_32_BIT_CONVERSION = YES;
				GCC_WARN_ABOUT_RETURN_TYPE = YES_ERROR;
				GCC_WARN_UNDECLARED_SELECTOR = YES;
				GCC_WARN_UNINITIALIZED_AUTOS = YES_AGGRESSIVE;
				GCC_WARN_UNUSED_FUNCTION = YES;
				GCC_WARN_UNUSED_VARIABLE = YES;
				MACOSX_DEPLOYMENT_TARGET = 12.3;
				MTL_ENABLE_DEBUG_INFO = INCLUDE_SOURCE;
				MTL_FAST_MATH = YES;
				ONLY_ACTIVE_ARCH = YES;
				SDKROOT = macosx;
				SWIFT_ACTIVE_COMPILATION_CONDITIONS = DEBUG;
				SWIFT_OPTIMIZATION_LEVEL = "-Onone";
			};
			name = Debug;
		};
		DDF6E3DD28CFB6C800E72250 /* Release */ = {
			isa = XCBuildConfiguration;
			buildSettings = {
				ALWAYS_SEARCH_USER_PATHS = NO;
				CLANG_ANALYZER_NONNULL = YES;
				CLANG_ANALYZER_NUMBER_OBJECT_CONVERSION = YES_AGGRESSIVE;
				CLANG_CXX_LANGUAGE_STANDARD = "gnu++17";
				CLANG_ENABLE_MODULES = YES;
				CLANG_ENABLE_OBJC_ARC = YES;
				CLANG_ENABLE_OBJC_WEAK = YES;
				CLANG_WARN_BLOCK_CAPTURE_AUTORELEASING = YES;
				CLANG_WARN_BOOL_CONVERSION = YES;
				CLANG_WARN_COMMA = YES;
				CLANG_WARN_CONSTANT_CONVERSION = YES;
				CLANG_WARN_DEPRECATED_OBJC_IMPLEMENTATIONS = YES;
				CLANG_WARN_DIRECT_OBJC_ISA_USAGE = YES_ERROR;
				CLANG_WARN_DOCUMENTATION_COMMENTS = YES;
				CLANG_WARN_EMPTY_BODY = YES;
				CLANG_WARN_ENUM_CONVERSION = YES;
				CLANG_WARN_INFINITE_RECURSION = YES;
				CLANG_WARN_INT_CONVERSION = YES;
				CLANG_WARN_NON_LITERAL_NULL_CONVERSION = YES;
				CLANG_WARN_OBJC_IMPLICIT_RETAIN_SELF = YES;
				CLANG_WARN_OBJC_LITERAL_CONVERSION = YES;
				CLANG_WARN_OBJC_ROOT_CLASS = YES_ERROR;
				CLANG_WARN_QUOTED_INCLUDE_IN_FRAMEWORK_HEADER = YES;
				CLANG_WARN_RANGE_LOOP_ANALYSIS = YES;
				CLANG_WARN_STRICT_PROTOTYPES = YES;
				CLANG_WARN_SUSPICIOUS_MOVE = YES;
				CLANG_WARN_UNGUARDED_AVAILABILITY = YES_AGGRESSIVE;
				CLANG_WARN_UNREACHABLE_CODE = YES;
				CLANG_WARN__DUPLICATE_METHOD_MATCH = YES;
				COPY_PHASE_STRIP = NO;
				DEAD_CODE_STRIPPING = YES;
				DEBUG_INFORMATION_FORMAT = "dwarf-with-dsym";
				ENABLE_NS_ASSERTIONS = NO;
				ENABLE_STRICT_OBJC_MSGSEND = YES;
				GCC_C_LANGUAGE_STANDARD = gnu11;
				GCC_NO_COMMON_BLOCKS = YES;
				GCC_WARN_64_TO_32_BIT_CONVERSION = YES;
				GCC_WARN_ABOUT_RETURN_TYPE = YES_ERROR;
				GCC_WARN_UNDECLARED_SELECTOR = YES;
				GCC_WARN_UNINITIALIZED_AUTOS = YES_AGGRESSIVE;
				GCC_WARN_UNUSED_FUNCTION = YES;
				GCC_WARN_UNUSED_VARIABLE = YES;
				MACOSX_DEPLOYMENT_TARGET = 12.3;
				MTL_ENABLE_DEBUG_INFO = NO;
				MTL_FAST_MATH = YES;
				SDKROOT = macosx;
				SWIFT_COMPILATION_MODE = wholemodule;
				SWIFT_OPTIMIZATION_LEVEL = "-O";
			};
			name = Release;
		};
		DDF6E3DF28CFB6C800E72250 /* Debug */ = {
			isa = XCBuildConfiguration;
			buildSettings = {
				ASSETCATALOG_COMPILER_APPICON_NAME = AppIcon;
				ASSETCATALOG_COMPILER_GLOBAL_ACCENT_COLOR_NAME = AccentColor;
				CODE_SIGN_ENTITLEMENTS = ReliabilityInASDU/ReliabilityInASDU.entitlements;
				CODE_SIGN_IDENTITY = "Apple Development";
				CODE_SIGN_STYLE = Automatic;
				COMBINE_HIDPI_IMAGES = YES;
				CURRENT_PROJECT_VERSION = 1;
				DEAD_CODE_STRIPPING = YES;
				DEVELOPMENT_ASSET_PATHS = "ReliabilityInASDU/Resources/Preview\\ Content";
				DEVELOPMENT_TEAM = 7CZSM4DJ6N;
				ENABLE_HARDENED_RUNTIME = YES;
				ENABLE_PREVIEWS = YES;
				GENERATE_INFOPLIST_FILE = YES;
				INFOPLIST_KEY_NSHumanReadableCopyright = "";
				LD_RUNPATH_SEARCH_PATHS = (
					"$(inherited)",
					"@executable_path/../Frameworks",
				);
				MARKETING_VERSION = 1.0;
				PRODUCT_BUNDLE_IDENTIFIER = com.vadimkim.ReliabilityInASDU;
				PRODUCT_NAME = "$(TARGET_NAME)";
				SWIFT_EMIT_LOC_STRINGS = YES;
				SWIFT_VERSION = 5.0;
			};
			name = Debug;
		};
		DDF6E3E028CFB6C800E72250 /* Release */ = {
			isa = XCBuildConfiguration;
			buildSettings = {
				ASSETCATALOG_COMPILER_APPICON_NAME = AppIcon;
				ASSETCATALOG_COMPILER_GLOBAL_ACCENT_COLOR_NAME = AccentColor;
				CODE_SIGN_ENTITLEMENTS = ReliabilityInASDU/ReliabilityInASDU.entitlements;
				CODE_SIGN_IDENTITY = "-";
				CODE_SIGN_STYLE = Automatic;
				COMBINE_HIDPI_IMAGES = YES;
				CURRENT_PROJECT_VERSION = 1;
				DEAD_CODE_STRIPPING = YES;
				DEVELOPMENT_ASSET_PATHS = "ReliabilityInASDU/Resources/Preview\\ Content";
				DEVELOPMENT_TEAM = 7CZSM4DJ6N;
				ENABLE_HARDENED_RUNTIME = YES;
				ENABLE_PREVIEWS = YES;
				GENERATE_INFOPLIST_FILE = YES;
				INFOPLIST_KEY_NSHumanReadableCopyright = "";
				LD_RUNPATH_SEARCH_PATHS = (
					"$(inherited)",
					"@executable_path/../Frameworks",
				);
				MARKETING_VERSION = 1.0;
				PRODUCT_BUNDLE_IDENTIFIER = com.vadimkim.ReliabilityInASDU;
				PRODUCT_NAME = "$(TARGET_NAME)";
				SWIFT_EMIT_LOC_STRINGS = YES;
				SWIFT_VERSION = 5.0;
			};
			name = Release;
		};
/* End XCBuildConfiguration section */

/* Begin XCConfigurationList section */
		DDF6E3CA28CFB6C600E72250 /* Build configuration list for PBXProject "ReliabilityInASDU" */ = {
			isa = XCConfigurationList;
			buildConfigurations = (
				DDF6E3DC28CFB6C800E72250 /* Debug */,
				DDF6E3DD28CFB6C800E72250 /* Release */,
			);
			defaultConfigurationIsVisible = 0;
			defaultConfigurationName = Release;
		};
		DDF6E3DE28CFB6C800E72250 /* Build configuration list for PBXNativeTarget "ReliabilityInASDU" */ = {
			isa = XCConfigurationList;
			buildConfigurations = (
				DDF6E3DF28CFB6C800E72250 /* Debug */,
				DDF6E3E028CFB6C800E72250 /* Release */,
			);
			defaultConfigurationIsVisible = 0;
			defaultConfigurationName = Release;
		};
/* End XCConfigurationList section */

/* Begin XCRemoteSwiftPackageReference section */
		DD35B29E29102D72007DC978 /* XCRemoteSwiftPackageReference "SwiftUICharts" */ = {
			isa = XCRemoteSwiftPackageReference;
			repositoryURL = "https://github.com/willdale/SwiftUICharts#Ranged-Line-Chart";
			requirement = {
				kind = upToNextMajorVersion;
				minimumVersion = 2.0.0;
			};
		};
		DD35B2A429104496007DC978 /* XCRemoteSwiftPackageReference "swift-collections" */ = {
			isa = XCRemoteSwiftPackageReference;
			repositoryURL = "https://github.com/apple/swift-collections";
			requirement = {
				branch = main;
				kind = branch;
			};
		};
/* End XCRemoteSwiftPackageReference section */

/* Begin XCSwiftPackageProductDependency section */
		DD35B29F29102D72007DC978 /* SwiftUICharts */ = {
			isa = XCSwiftPackageProductDependency;
			package = DD35B29E29102D72007DC978 /* XCRemoteSwiftPackageReference "SwiftUICharts" */;
			productName = SwiftUICharts;
		};
		DD35B2A529104496007DC978 /* Collections */ = {
			isa = XCSwiftPackageProductDependency;
			package = DD35B2A429104496007DC978 /* XCRemoteSwiftPackageReference "swift-collections" */;
			productName = Collections;
		};
		DD35B2A729104496007DC978 /* OrderedCollections */ = {
			isa = XCSwiftPackageProductDependency;
			package = DD35B2A429104496007DC978 /* XCRemoteSwiftPackageReference "swift-collections" */;
			productName = OrderedCollections;
		};
/* End XCSwiftPackageProductDependency section */
	};
	rootObject = DDF6E3C728CFB6C600E72250 /* Project object */;
}
